PODS:
  - Braintree (5.12.0):
    - Braintree/Card (= 5.12.0)
    - Braintree/Core (= 5.12.0)
    - Braintree/PayPal (= 5.12.0)
  - Braintree/Card (5.12.0):
    - Braintree/Core
  - Braintree/Core (5.12.0)
  - Braintree/PayPal (5.12.0):
    - Braintree/Core
    - Braintree/PayPalDataCollector
  - Braintree/PayPalDataCollector (5.12.0)
  - FittedSheets (2.4.2)
  - InputMask (6.1.0)
  - IQKeyboardManagerSwift (6.5.10)
  - Kingfisher (7.1.2)
  - lottie-ios (3.5.0)
  - MaterialComponents/AnimationTiming (124.2.0)
  - MaterialComponents/Availability (124.2.0)
  - MaterialComponents/Buttons (124.2.0):
    - MaterialComponents/Elevation
    - MaterialComponents/Ink
    - MaterialComponents/private/Math
    - MaterialComponents/Ripple
    - MaterialComponents/Shadow
    - MaterialComponents/ShadowElevations
    - MaterialComponents/ShadowLayer
    - MaterialComponents/ShapeLibrary
    - MaterialComponents/Shapes
    - MaterialComponents/Typography
    - MDFInternationalization
    - MDFTextAccessibility
  - MaterialComponents/Elevation (124.2.0):
    - MaterialComponents/Availability
    - MaterialComponents/private/Color
    - MaterialComponents/private/Math
  - MaterialComponents/Ink (124.2.0):
    - MaterialComponents/Availability
    - MaterialComponents/private/Color
    - MaterialComponents/private/Math
  - MaterialComponents/private/Application (124.2.0)
  - MaterialComponents/private/Color (124.2.0):
    - MaterialComponents/Availability
  - MaterialComponents/private/Math (124.2.0)
  - MaterialComponents/Ripple (124.2.0):
    - MaterialComponents/AnimationTiming
    - MaterialComponents/Availability
    - MaterialComponents/private/Color
    - MaterialComponents/private/Math
  - MaterialComponents/Shadow (124.2.0):
    - MaterialComponents/Availability
  - MaterialComponents/ShadowElevations (124.2.0)
  - MaterialComponents/ShadowLayer (124.2.0):
    - MaterialComponents/ShadowElevations
  - MaterialComponents/ShapeLibrary (124.2.0):
    - MaterialComponents/private/Math
    - MaterialComponents/Shapes
  - MaterialComponents/Shapes (124.2.0):
    - MaterialComponents/private/Color
    - MaterialComponents/private/Math
    - MaterialComponents/ShadowLayer
  - MaterialComponents/Typography (124.2.0):
    - MaterialComponents/private/Application
    - MaterialComponents/private/Math
    - MDFTextAccessibility
  - MDFInternationalization (3.0.0)
  - MDFTextAccessibility (2.0.1)
  - Sentry (7.19.0):
    - Sentry/Core (= 7.19.0)
  - Sentry/Core (7.19.0)
  - Shopiroller (0.2.35):
    - Braintree
    - FittedSheets
    - InputMask
    - IQKeyboardManagerSwift
    - Kingfisher (~> 7.1.2)
    - lottie-ios
    - MaterialComponents/Buttons
    - Sentry
    - Stripe (~> 22.8.1)
    - SVProgressHUD
  - Stripe (22.8.1):
    - Stripe/Stripe3DS2 (= 22.8.1)
    - StripeApplePay (= 22.8.1)
    - StripeCore (= 22.8.1)
    - StripeUICore (= 22.8.1)
  - Stripe/Stripe3DS2 (22.8.1):
    - StripeApplePay (= 22.8.1)
    - StripeCore (= 22.8.1)
    - StripeUICore (= 22.8.1)
  - StripeApplePay (22.8.1):
    - StripeCore (= 22.8.1)
  - StripeCore (22.8.1)
  - StripeUICore (22.8.1):
    - StripeCore (= 22.8.1)
  - SVProgressHUD (2.2.5)

DEPENDENCIES:
  - Shopiroller (from `../`)

SPEC REPOS:
  trunk:
    - Braintree
    - FittedSheets
    - InputMask
    - IQKeyboardManagerSwift
    - Kingfisher
    - lottie-ios
    - MaterialComponents
    - MDFInternationalization
    - MDFTextAccessibility
    - Sentry
    - Stripe
    - StripeApplePay
    - StripeCore
    - StripeUICore
    - SVProgressHUD

EXTERNAL SOURCES:
  Shopiroller:
    :path: "../"

SPEC CHECKSUMS:
  Braintree: fff8f8bc05fb5299c650913c957216843efd4400
  FittedSheets: 661408776eb4ff514a31da75b3600bd7222b2b3d
  InputMask: 71d291dc54d2deaeac6512afb6ec2304228c0bb7
  IQKeyboardManagerSwift: 52962c76ab33532f15ad9f3ff4e5715eda5335bb
  Kingfisher: 44ed6a8504763f27bab46163adfac83f5deb240c
  lottie-ios: c55158d67d0629a260625cc2ded2052b829e3c3e
  MaterialComponents: 1a9b2d9d45b1601ae544de85089adc4c464306d4
  MDFInternationalization: d697c55307816222a55685c4ccb1044ffb030c12
  MDFTextAccessibility: f4bb4cc2194286651b59a215fdeaa0e05dc90ba5
  Sentry: d6b16e66a0ad0c39a0b76d9a1194e68e78c37ce6
  Shopiroller: a5285d63c2f0bbdcd6a4b8c178e698015c0cb8f7
  Stripe: b4cf3aa317a8e984b930d3545bac10b490dd3106
  StripeApplePay: 858c1dadc39b658d317661dea8cc2b7158533a17
  StripeCore: 52e0aba2fad604455692db593bf5edc04758b760
  StripeUICore: b3d64c5cbcb4cacfa88f9a0950cdf1b4df72792e
  SVProgressHUD: 1428aafac632c1f86f62aa4243ec12008d7a51d6

PODFILE CHECKSUM: 72c47f46c6323bdbff37b9a780ba6df607eaa209

COCOAPODS: 1.11.3
