PODS:
  - Braintree (5.10.0):
    - Braintree/Card (= 5.10.0)
    - Braintree/Core (= 5.10.0)
    - Braintree/PayPal (= 5.10.0)
  - Braintree/Card (5.10.0):
    - Braintree/Core
  - Braintree/Core (5.10.0)
  - Braintree/PayPal (5.10.0):
    - Braintree/Core
    - Braintree/PayPalDataCollector
  - Braintree/PayPalDataCollector (5.10.0)
  - FittedSheets (2.4.2)
  - InputMask (6.1.0)
  - IQKeyboardManagerSwift (6.5.10)
  - Kingfisher (7.1.2)
  - lottie-ios (3.3.0)
  - MaterialComponents/AnimationTiming (124.2.0)
  - MaterialComponents/Availability (124.2.0)
  - MaterialComponents/Buttons (124.2.0):
    - MaterialComponents/Elevation
    - MaterialComponents/Ink
    - MaterialComponents/private/Math
    - MaterialComponents/Ripple
    - MaterialComponents/Shadow
    - MaterialComponents/ShadowElevations
    - MaterialComponents/ShadowLayer
    - MaterialComponents/ShapeLibrary
    - MaterialComponents/Shapes
    - MaterialComponents/Typography
    - MDFInternationalization
    - MDFTextAccessibility
  - MaterialComponents/Elevation (124.2.0):
    - MaterialComponents/Availability
    - MaterialComponents/private/Color
    - MaterialComponents/private/Math
  - MaterialComponents/Ink (124.2.0):
    - MaterialComponents/Availability
    - MaterialComponents/private/Color
    - MaterialComponents/private/Math
  - MaterialComponents/private/Application (124.2.0)
  - MaterialComponents/private/Color (124.2.0):
    - MaterialComponents/Availability
  - MaterialComponents/private/Math (124.2.0)
  - MaterialComponents/Ripple (124.2.0):
    - MaterialComponents/AnimationTiming
    - MaterialComponents/Availability
    - MaterialComponents/private/Color
    - MaterialComponents/private/Math
  - MaterialComponents/Shadow (124.2.0):
    - MaterialComponents/Availability
  - MaterialComponents/ShadowElevations (124.2.0)
  - MaterialComponents/ShadowLayer (124.2.0):
    - MaterialComponents/ShadowElevations
  - MaterialComponents/ShapeLibrary (124.2.0):
    - MaterialComponents/private/Math
    - MaterialComponents/Shapes
  - MaterialComponents/Shapes (124.2.0):
    - MaterialComponents/private/Color
    - MaterialComponents/private/Math
    - MaterialComponents/ShadowLayer
  - MaterialComponents/Typography (124.2.0):
    - MaterialComponents/private/Application
    - MaterialComponents/private/Math
    - MDFTextAccessibility
  - MDFInternationalization (3.0.0)
  - MDFTextAccessibility (2.0.1)
  - Sentry (7.19.0):
    - Sentry/Core (= 7.19.0)
  - Sentry/Core (7.19.0)
  - Shopiroller (0.2.27):
    - Braintree
    - FittedSheets
    - InputMask
    - IQKeyboardManagerSwift
    - Kingfisher (~> 7.1.2)
    - lottie-ios
    - MaterialComponents/Buttons
    - Sentry
    - Stripe
    - SVProgressHUD
  - Stripe (22.5.1):
    - Stripe/Stripe3DS2 (= 22.5.1)
    - StripeApplePay (= 22.5.1)
    - StripeCore (= 22.5.1)
    - StripeUICore (= 22.5.1)
  - Stripe/Stripe3DS2 (22.5.1):
    - StripeApplePay (= 22.5.1)
    - StripeCore (= 22.5.1)
    - StripeUICore (= 22.5.1)
  - StripeApplePay (22.5.1):
    - StripeCore (= 22.5.1)
  - StripeCore (22.5.1)
  - StripeUICore (22.5.1):
    - StripeCore (= 22.5.1)
  - SVProgressHUD (2.2.5)

DEPENDENCIES:
  - Shopiroller (from `../`)

SPEC REPOS:
  trunk:
    - Braintree
    - FittedSheets
    - InputMask
    - IQKeyboardManagerSwift
    - Kingfisher
    - lottie-ios
    - MaterialComponents
    - MDFInternationalization
    - MDFTextAccessibility
    - Sentry
    - Stripe
    - StripeApplePay
    - StripeCore
    - StripeUICore
    - SVProgressHUD

EXTERNAL SOURCES:
  Shopiroller:
    :path: "../"

SPEC CHECKSUMS:
  Braintree: a4df29b5453664ea01f89a04e0ae97397021c92f
  FittedSheets: 661408776eb4ff514a31da75b3600bd7222b2b3d
  InputMask: 71d291dc54d2deaeac6512afb6ec2304228c0bb7
  IQKeyboardManagerSwift: 52962c76ab33532f15ad9f3ff4e5715eda5335bb
  Kingfisher: 44ed6a8504763f27bab46163adfac83f5deb240c
  lottie-ios: 6ac74dcc09904798f59b18cb3075c089d76be9ae
  MaterialComponents: 1a9b2d9d45b1601ae544de85089adc4c464306d4
  MDFInternationalization: d697c55307816222a55685c4ccb1044ffb030c12
  MDFTextAccessibility: f4bb4cc2194286651b59a215fdeaa0e05dc90ba5
  Sentry: d6b16e66a0ad0c39a0b76d9a1194e68e78c37ce6
  Shopiroller: 3b01f203916f6c797d2a5e331a22e9ff60b0113e
  Stripe: 2b2decd03146e08a350960966d41f3028c2eac29
  StripeApplePay: b14f06ac6fc24b56704c1e598149ed0cc45e166f
  StripeCore: 4833738f2ca4336712f279f3c2867a0a7eb67c93
  StripeUICore: 08c1efbd7e3c54ee7fa74334a37a1d4c08ba944d
  SVProgressHUD: 1428aafac632c1f86f62aa4243ec12008d7a51d6

PODFILE CHECKSUM: 031a9a8e89502bb3742eafcdd7022504fea55c8b

COCOAPODS: 1.11.3
